
Microsoft Visual Studio Solution File, Format Version 12.00
# Visual Studio 15
VisualStudioVersion = 15.0.28010.2046
MinimumVisualStudioVersion = 10.0.40219.1
Project("{FAE04EC0-301F-11D3-BF4B-00C04F79EFBC}") = "SalesWebMvc", "SalesWebMvc\SalesWebMvc.csproj", "{396C5AD8-782F-476B-89CD-E9B308B3C61A}"
EndProject
Global
	GlobalSection(SolutionConfigurationPlatforms) = preSolution
		Debug|Any CPU = Debug|Any CPU
		Release|Any CPU = Release|Any CPU
	EndGlobalSection
	GlobalSection(ProjectConfigurationPlatforms) = postSolution
		{396C5AD8-782F-476B-89CD-E9B308B3C61A}.Debug|Any CPU.ActiveCfg = Debug|Any CPU
		{396C5AD8-782F-476B-89CD-E9B308B3C61A}.Debug|Any CPU.Build.0 = Debug|Any CPU
		{396C5AD8-782F-476B-89CD-E9B308B3C61A}.Release|Any CPU.ActiveCfg = Release|Any CPU
		{396C5AD8-782F-476B-89CD-E9B308B3C61A}.Release|Any CPU.Build.0 = Release|Any CPU
	EndGlobalSection
	GlobalSection(SolutionProperties) = preSolution
		HideSolutionNode = FALSE
	EndGlobalSection
	GlobalSection(ExtensibilityGlobals) = postSolution
		SolutionGuid = {B94E1C5D-D421-4D0A-A94B-D1D21EDF8AA0}
	EndGlobalSection
EndGlobal
